
Microsoft Visual Studio Solution File, Format Version 12.00
# Visual Studio Version 17
VisualStudioVersion = 17.0.31903.59
MinimumVisualStudioVersion = 10.0.40219.1
Project("{FAE04EC0-301F-11D3-BF4B-00C04F79EFBC}") = "GBW.Domain", "GBW.Domain\GBW.Domain.csproj", "{9D81951B-5CA5-401F-A713-CD035EB0E7A7}"
EndProject
Project("{FAE04EC0-301F-11D3-BF4B-00C04F79EFBC}") = "GBW.Application", "GBW.Application\GBW.Application.csproj", "{B91D917B-3C24-41F6-A3DD-C5C3699A71F1}"
EndProject
Project("{FAE04EC0-301F-11D3-BF4B-00C04F79EFBC}") = "GBW.Infrastructure", "GBW.Infrastructure\GBW.Infrastructure.csproj", "{517AF4F3-CCE4-477E-AEC0-BE7F73DAA2C2}"
EndProject
Project("{FAE04EC0-301F-11D3-BF4B-00C04F79EFBC}") = "GBW.CrossCutting", "GBW.CrossCutting\GBW.CrossCutting.csproj", "{ED2E6656-6C0C-4B06-A9FB-8FFEFE5CC801}"
EndProject
Project("{FAE04EC0-301F-11D3-BF4B-00C04F79EFBC}") = "GBW.Worker", "GBW.Worker\GBW.Worker.csproj", "{9115F012-1329-4FC0-96AF-1C3966002B58}"
EndProject
Global
	GlobalSection(SolutionConfigurationPlatforms) = preSolution
		Debug|Any CPU = Debug|Any CPU
		Debug|x64 = Debug|x64
		Debug|x86 = Debug|x86
		Release|Any CPU = Release|Any CPU
		Release|x64 = Release|x64
		Release|x86 = Release|x86
	EndGlobalSection
	GlobalSection(ProjectConfigurationPlatforms) = postSolution
		{9D81951B-5CA5-401F-A713-CD035EB0E7A7}.Debug|Any CPU.ActiveCfg = Debug|Any CPU
		{9D81951B-5CA5-401F-A713-CD035EB0E7A7}.Debug|Any CPU.Build.0 = Debug|Any CPU
		{9D81951B-5CA5-401F-A713-CD035EB0E7A7}.Debug|x64.ActiveCfg = Debug|Any CPU
		{9D81951B-5CA5-401F-A713-CD035EB0E7A7}.Debug|x64.Build.0 = Debug|Any CPU
		{9D81951B-5CA5-401F-A713-CD035EB0E7A7}.Debug|x86.ActiveCfg = Debug|Any CPU
		{9D81951B-5CA5-401F-A713-CD035EB0E7A7}.Debug|x86.Build.0 = Debug|Any CPU
		{9D81951B-5CA5-401F-A713-CD035EB0E7A7}.Release|Any CPU.ActiveCfg = Release|Any CPU
		{9D81951B-5CA5-401F-A713-CD035EB0E7A7}.Release|Any CPU.Build.0 = Release|Any CPU
		{9D81951B-5CA5-401F-A713-CD035EB0E7A7}.Release|x64.ActiveCfg = Release|Any CPU
		{9D81951B-5CA5-401F-A713-CD035EB0E7A7}.Release|x64.Build.0 = Release|Any CPU
		{9D81951B-5CA5-401F-A713-CD035EB0E7A7}.Release|x86.ActiveCfg = Release|Any CPU
		{9D81951B-5CA5-401F-A713-CD035EB0E7A7}.Release|x86.Build.0 = Release|Any CPU
		{B91D917B-3C24-41F6-A3DD-C5C3699A71F1}.Debug|Any CPU.ActiveCfg = Debug|Any CPU
		{B91D917B-3C24-41F6-A3DD-C5C3699A71F1}.Debug|Any CPU.Build.0 = Debug|Any CPU
		{B91D917B-3C24-41F6-A3DD-C5C3699A71F1}.Debug|x64.ActiveCfg = Debug|Any CPU
		{B91D917B-3C24-41F6-A3DD-C5C3699A71F1}.Debug|x64.Build.0 = Debug|Any CPU
		{B91D917B-3C24-41F6-A3DD-C5C3699A71F1}.Debug|x86.ActiveCfg = Debug|Any CPU
		{B91D917B-3C24-41F6-A3DD-C5C3699A71F1}.Debug|x86.Build.0 = Debug|Any CPU
		{B91D917B-3C24-41F6-A3DD-C5C3699A71F1}.Release|Any CPU.ActiveCfg = Release|Any CPU
		{B91D917B-3C24-41F6-A3DD-C5C3699A71F1}.Release|Any CPU.Build.0 = Release|Any CPU
		{B91D917B-3C24-41F6-A3DD-C5C3699A71F1}.Release|x64.ActiveCfg = Release|Any CPU
		{B91D917B-3C24-41F6-A3DD-C5C3699A71F1}.Release|x64.Build.0 = Release|Any CPU
		{B91D917B-3C24-41F6-A3DD-C5C3699A71F1}.Release|x86.ActiveCfg = Release|Any CPU
		{B91D917B-3C24-41F6-A3DD-C5C3699A71F1}.Release|x86.Build.0 = Release|Any CPU
		{517AF4F3-CCE4-477E-AEC0-BE7F73DAA2C2}.Debug|Any CPU.ActiveCfg = Debug|Any CPU
		{517AF4F3-CCE4-477E-AEC0-BE7F73DAA2C2}.Debug|Any CPU.Build.0 = Debug|Any CPU
		{517AF4F3-CCE4-477E-AEC0-BE7F73DAA2C2}.Debug|x64.ActiveCfg = Debug|Any CPU
		{517AF4F3-CCE4-477E-AEC0-BE7F73DAA2C2}.Debug|x64.Build.0 = Debug|Any CPU
		{517AF4F3-CCE4-477E-AEC0-BE7F73DAA2C2}.Debug|x86.ActiveCfg = Debug|Any CPU
		{517AF4F3-CCE4-477E-AEC0-BE7F73DAA2C2}.Debug|x86.Build.0 = Debug|Any CPU
		{517AF4F3-CCE4-477E-AEC0-BE7F73DAA2C2}.Release|Any CPU.ActiveCfg = Release|Any CPU
		{517AF4F3-CCE4-477E-AEC0-BE7F73DAA2C2}.Release|Any CPU.Build.0 = Release|Any CPU
		{517AF4F3-CCE4-477E-AEC0-BE7F73DAA2C2}.Release|x64.ActiveCfg = Release|Any CPU
		{517AF4F3-CCE4-477E-AEC0-BE7F73DAA2C2}.Release|x64.Build.0 = Release|Any CPU
		{517AF4F3-CCE4-477E-AEC0-BE7F73DAA2C2}.Release|x86.ActiveCfg = Release|Any CPU
		{517AF4F3-CCE4-477E-AEC0-BE7F73DAA2C2}.Release|x86.Build.0 = Release|Any CPU
		{ED2E6656-6C0C-4B06-A9FB-8FFEFE5CC801}.Debug|Any CPU.ActiveCfg = Debug|Any CPU
		{ED2E6656-6C0C-4B06-A9FB-8FFEFE5CC801}.Debug|Any CPU.Build.0 = Debug|Any CPU
		{ED2E6656-6C0C-4B06-A9FB-8FFEFE5CC801}.Debug|x64.ActiveCfg = Debug|Any CPU
		{ED2E6656-6C0C-4B06-A9FB-8FFEFE5CC801}.Debug|x64.Build.0 = Debug|Any CPU
		{ED2E6656-6C0C-4B06-A9FB-8FFEFE5CC801}.Debug|x86.ActiveCfg = Debug|Any CPU
		{ED2E6656-6C0C-4B06-A9FB-8FFEFE5CC801}.Debug|x86.Build.0 = Debug|Any CPU
		{ED2E6656-6C0C-4B06-A9FB-8FFEFE5CC801}.Release|Any CPU.ActiveCfg = Release|Any CPU
		{ED2E6656-6C0C-4B06-A9FB-8FFEFE5CC801}.Release|Any CPU.Build.0 = Release|Any CPU
		{ED2E6656-6C0C-4B06-A9FB-8FFEFE5CC801}.Release|x64.ActiveCfg = Release|Any CPU
		{ED2E6656-6C0C-4B06-A9FB-8FFEFE5CC801}.Release|x64.Build.0 = Release|Any CPU
		{ED2E6656-6C0C-4B06-A9FB-8FFEFE5CC801}.Release|x86.ActiveCfg = Release|Any CPU
		{ED2E6656-6C0C-4B06-A9FB-8FFEFE5CC801}.Release|x86.Build.0 = Release|Any CPU
		{9115F012-1329-4FC0-96AF-1C3966002B58}.Debug|Any CPU.ActiveCfg = Debug|Any CPU
		{9115F012-1329-4FC0-96AF-1C3966002B58}.Debug|Any CPU.Build.0 = Debug|Any CPU
		{9115F012-1329-4FC0-96AF-1C3966002B58}.Debug|x64.ActiveCfg = Debug|Any CPU
		{9115F012-1329-4FC0-96AF-1C3966002B58}.Debug|x64.Build.0 = Debug|Any CPU
		{9115F012-1329-4FC0-96AF-1C3966002B58}.Debug|x86.ActiveCfg = Debug|Any CPU
		{9115F012-1329-4FC0-96AF-1C3966002B58}.Debug|x86.Build.0 = Debug|Any CPU
		{9115F012-1329-4FC0-96AF-1C3966002B58}.Release|Any CPU.ActiveCfg = Release|Any CPU
		{9115F012-1329-4FC0-96AF-1C3966002B58}.Release|Any CPU.Build.0 = Release|Any CPU
		{9115F012-1329-4FC0-96AF-1C3966002B58}.Release|x64.ActiveCfg = Release|Any CPU
		{9115F012-1329-4FC0-96AF-1C3966002B58}.Release|x64.Build.0 = Release|Any CPU
		{9115F012-1329-4FC0-96AF-1C3966002B58}.Release|x86.ActiveCfg = Release|Any CPU
		{9115F012-1329-4FC0-96AF-1C3966002B58}.Release|x86.Build.0 = Release|Any CPU
	EndGlobalSection
	GlobalSection(SolutionProperties) = preSolution
		HideSolutionNode = FALSE
	EndGlobalSection
EndGlobal
